// !$*UTF8*$!
{
	archiveVersion = 1;
	classes = {
	};
	objectVersion = 50;
	objects = {

/* Begin PBXBuildFile section */
		F1016F0522186C740062D42A /* AppDelegate.swift in Sources */ = {isa = PBXBuildFile; fileRef = F1016F0422186C740062D42A /* AppDelegate.swift */; };
		F1016F0722186C760062D42A /* Assets.xcassets in Resources */ = {isa = PBXBuildFile; fileRef = F1016F0622186C760062D42A /* Assets.xcassets */; };
		F1016F0A22186C760062D42A /* MainMenu.xib in Resources */ = {isa = PBXBuildFile; fileRef = F1016F0822186C760062D42A /* MainMenu.xib */; };
		F110DEFF21D40FAD00096BC0 /* AppDelegate.swift in Sources */ = {isa = PBXBuildFile; fileRef = F110DEFE21D40FAD00096BC0 /* AppDelegate.swift */; };
		F110DF0121D40FAD00096BC0 /* ViewController.swift in Sources */ = {isa = PBXBuildFile; fileRef = F110DF0021D40FAD00096BC0 /* ViewController.swift */; };
		F110DF0621D40FB000096BC0 /* Assets.xcassets in Resources */ = {isa = PBXBuildFile; fileRef = F110DF0521D40FB000096BC0 /* Assets.xcassets */; };
		F110DF0921D40FB000096BC0 /* LaunchScreen.storyboard in Resources */ = {isa = PBXBuildFile; fileRef = F110DF0721D40FB000096BC0 /* LaunchScreen.storyboard */; };
		F1903678239123910078B85D /* SimpleTimer.swift in Sources */ = {isa = PBXBuildFile; fileRef = F1903674239123910078B85D /* SimpleTimer.swift */; };
		F1903679239123910078B85D /* SimpleTimer.swift in Sources */ = {isa = PBXBuildFile; fileRef = F1903674239123910078B85D /* SimpleTimer.swift */; };
		F190367A239123910078B85D /* TimeAnimator.swift in Sources */ = {isa = PBXBuildFile; fileRef = F1903676239123910078B85D /* TimeAnimator.swift */; };
		F190367B239123910078B85D /* TimeAnimator.swift in Sources */ = {isa = PBXBuildFile; fileRef = F1903676239123910078B85D /* TimeAnimator.swift */; };
		F190367C239123910078B85D /* CountDownTimer.swift in Sources */ = {isa = PBXBuildFile; fileRef = F1903677239123910078B85D /* CountDownTimer.swift */; };
		F190367D239123910078B85D /* CountDownTimer.swift in Sources */ = {isa = PBXBuildFile; fileRef = F1903677239123910078B85D /* CountDownTimer.swift */; };
/* End PBXBuildFile section */

/* Begin PBXCopyFilesBuildPhase section */
		F1016F1422186C860062D42A /* Embed Frameworks */ = {
			isa = PBXCopyFilesBuildPhase;
			buildActionMask = 2147483647;
			dstPath = "";
			dstSubfolderSpec = 10;
			files = (
			);
			name = "Embed Frameworks";
			runOnlyForDeploymentPostprocessing = 0;
		};
		F110DF2121D410CF00096BC0 /* Embed Frameworks */ = {
			isa = PBXCopyFilesBuildPhase;
			buildActionMask = 2147483647;
			dstPath = "";
			dstSubfolderSpec = 10;
			files = (
			);
			name = "Embed Frameworks";
			runOnlyForDeploymentPostprocessing = 0;
		};
/* End PBXCopyFilesBuildPhase section */

/* Begin PBXFileReference section */
		F1016F0222186C740062D42A /* SimpleTimerExampleMac.app */ = {isa = PBXFileReference; explicitFileType = wrapper.application; includeInIndex = 0; path = SimpleTimerExampleMac.app; sourceTree = BUILT_PRODUCTS_DIR; };
		F1016F0422186C740062D42A /* AppDelegate.swift */ = {isa = PBXFileReference; lastKnownFileType = sourcecode.swift; path = AppDelegate.swift; sourceTree = "<group>"; };
		F1016F0622186C760062D42A /* Assets.xcassets */ = {isa = PBXFileReference; lastKnownFileType = folder.assetcatalog; path = Assets.xcassets; sourceTree = "<group>"; };
		F1016F0922186C760062D42A /* Base */ = {isa = PBXFileReference; lastKnownFileType = file.xib; name = Base; path = Base.lproj/MainMenu.xib; sourceTree = "<group>"; };
		F1016F0B22186C760062D42A /* Info.plist */ = {isa = PBXFileReference; lastKnownFileType = text.plist.xml; path = Info.plist; sourceTree = "<group>"; };
		F1016F0C22186C760062D42A /* SimpleTimerExampleMac.entitlements */ = {isa = PBXFileReference; lastKnownFileType = text.plist.entitlements; path = SimpleTimerExampleMac.entitlements; sourceTree = "<group>"; };
		F110DEFB21D40FAD00096BC0 /* SimpleTimerExample.app */ = {isa = PBXFileReference; explicitFileType = wrapper.application; includeInIndex = 0; path = SimpleTimerExample.app; sourceTree = BUILT_PRODUCTS_DIR; };
		F110DEFE21D40FAD00096BC0 /* AppDelegate.swift */ = {isa = PBXFileReference; lastKnownFileType = sourcecode.swift; path = AppDelegate.swift; sourceTree = "<group>"; };
		F110DF0021D40FAD00096BC0 /* ViewController.swift */ = {isa = PBXFileReference; lastKnownFileType = sourcecode.swift; path = ViewController.swift; sourceTree = "<group>"; };
		F110DF0521D40FB000096BC0 /* Assets.xcassets */ = {isa = PBXFileReference; lastKnownFileType = folder.assetcatalog; path = Assets.xcassets; sourceTree = "<group>"; };
		F110DF0821D40FB000096BC0 /* Base */ = {isa = PBXFileReference; lastKnownFileType = file.storyboard; name = Base; path = Base.lproj/LaunchScreen.storyboard; sourceTree = "<group>"; };
		F110DF0A21D40FB000096BC0 /* Info.plist */ = {isa = PBXFileReference; lastKnownFileType = text.plist.xml; path = Info.plist; sourceTree = "<group>"; };
		F1903674239123910078B85D /* SimpleTimer.swift */ = {isa = PBXFileReference; fileEncoding = 4; lastKnownFileType = sourcecode.swift; path = SimpleTimer.swift; sourceTree = "<group>"; };
		F1903676239123910078B85D /* TimeAnimator.swift */ = {isa = PBXFileReference; fileEncoding = 4; lastKnownFileType = sourcecode.swift; path = TimeAnimator.swift; sourceTree = "<group>"; };
		F1903677239123910078B85D /* CountDownTimer.swift */ = {isa = PBXFileReference; fileEncoding = 4; lastKnownFileType = sourcecode.swift; path = CountDownTimer.swift; sourceTree = "<group>"; };
/* End PBXFileReference section */

/* Begin PBXFrameworksBuildPhase section */
		F1016EFF22186C740062D42A /* Frameworks */ = {
			isa = PBXFrameworksBuildPhase;
			buildActionMask = 2147483647;
			files = (
			);
			runOnlyForDeploymentPostprocessing = 0;
		};
		F110DEF821D40FAD00096BC0 /* Frameworks */ = {
			isa = PBXFrameworksBuildPhase;
			buildActionMask = 2147483647;
			files = (
			);
			runOnlyForDeploymentPostprocessing = 0;
		};
/* End PBXFrameworksBuildPhase section */

/* Begin PBXGroup section */
		F1016F0322186C740062D42A /* SimpleTimerExampleMac */ = {
			isa = PBXGroup;
			children = (
				F1016F0422186C740062D42A /* AppDelegate.swift */,
				F1016F0622186C760062D42A /* Assets.xcassets */,
				F1016F0822186C760062D42A /* MainMenu.xib */,
				F1016F0B22186C760062D42A /* Info.plist */,
				F1016F0C22186C760062D42A /* SimpleTimerExampleMac.entitlements */,
			);
			path = SimpleTimerExampleMac;
			sourceTree = "<group>";
		};
		F110DEF221D40FAD00096BC0 = {
			isa = PBXGroup;
			children = (
				F1903672239123910078B85D /* Sources */,
				F110DEFD21D40FAD00096BC0 /* SimpleTimerExample */,
				F1016F0322186C740062D42A /* SimpleTimerExampleMac */,
				F110DEFC21D40FAD00096BC0 /* Products */,
			);
			sourceTree = "<group>";
		};
		F110DEFC21D40FAD00096BC0 /* Products */ = {
			isa = PBXGroup;
			children = (
				F110DEFB21D40FAD00096BC0 /* SimpleTimerExample.app */,
				F1016F0222186C740062D42A /* SimpleTimerExampleMac.app */,
			);
			name = Products;
			sourceTree = "<group>";
		};
		F110DEFD21D40FAD00096BC0 /* SimpleTimerExample */ = {
			isa = PBXGroup;
			children = (
				F110DEFE21D40FAD00096BC0 /* AppDelegate.swift */,
				F110DF0021D40FAD00096BC0 /* ViewController.swift */,
				F110DF0521D40FB000096BC0 /* Assets.xcassets */,
				F110DF0721D40FB000096BC0 /* LaunchScreen.storyboard */,
				F110DF0A21D40FB000096BC0 /* Info.plist */,
			);
			path = SimpleTimerExample;
			sourceTree = "<group>";
		};
		F1903672239123910078B85D /* Sources */ = {
			isa = PBXGroup;
			children = (
				F1903673239123910078B85D /* SimpleTimer */,
			);
			path = Sources;
			sourceTree = "<group>";
		};
		F1903673239123910078B85D /* SimpleTimer */ = {
			isa = PBXGroup;
			children = (
				F1903674239123910078B85D /* SimpleTimer.swift */,
				F1903675239123910078B85D /* extra */,
			);
			path = SimpleTimer;
			sourceTree = "<group>";
		};
		F1903675239123910078B85D /* extra */ = {
			isa = PBXGroup;
			children = (
				F1903676239123910078B85D /* TimeAnimator.swift */,
				F1903677239123910078B85D /* CountDownTimer.swift */,
			);
			path = extra;
			sourceTree = "<group>";
		};
/* End PBXGroup section */

/* Begin PBXNativeTarget section */
		F1016F0122186C740062D42A /* SimpleTimerExampleMac */ = {
			isa = PBXNativeTarget;
			buildConfigurationList = F1016F0F22186C760062D42A /* Build configuration list for PBXNativeTarget "SimpleTimerExampleMac" */;
			buildPhases = (
				F1016EFE22186C740062D42A /* Sources */,
				F1016EFF22186C740062D42A /* Frameworks */,
				F1016F0022186C740062D42A /* Resources */,
				F1016F1422186C860062D42A /* Embed Frameworks */,
				F1CE266E2281E30800441836 /* ShellScript */,
			);
			buildRules = (
			);
			dependencies = (
			);
			name = SimpleTimerExampleMac;
			productName = SimpleTimerExampleMac;
			productReference = F1016F0222186C740062D42A /* SimpleTimerExampleMac.app */;
			productType = "com.apple.product-type.application";
		};
		F110DEFA21D40FAD00096BC0 /* SimpleTimerExample */ = {
			isa = PBXNativeTarget;
			buildConfigurationList = F110DF0D21D40FB000096BC0 /* Build configuration list for PBXNativeTarget "SimpleTimerExample" */;
			buildPhases = (
				F110DEF721D40FAD00096BC0 /* Sources */,
				F110DEF821D40FAD00096BC0 /* Frameworks */,
				F110DEF921D40FAD00096BC0 /* Resources */,
				F110DF2121D410CF00096BC0 /* Embed Frameworks */,
				F1CE266C2281E2F000441836 /* ShellScript */,
			);
			buildRules = (
			);
			dependencies = (
			);
			name = SimpleTimerExample;
			productName = SimpleTimerExample;
			productReference = F110DEFB21D40FAD00096BC0 /* SimpleTimerExample.app */;
			productType = "com.apple.product-type.application";
		};
/* End PBXNativeTarget section */

/* Begin PBXProject section */
		F110DEF321D40FAD00096BC0 /* Project object */ = {
			isa = PBXProject;
			attributes = {
				LastSwiftUpdateCheck = 1010;
				LastUpgradeCheck = 1010;
				ORGANIZATIONNAME = FutureLab;
				TargetAttributes = {
					F1016F0122186C740062D42A = {
						CreatedOnToolsVersion = 10.1;
					};
					F110DEFA21D40FAD00096BC0 = {
						CreatedOnToolsVersion = 10.1;
						LastSwiftMigration = 1020;
					};
				};
			};
			buildConfigurationList = F110DEF621D40FAD00096BC0 /* Build configuration list for PBXProject "SimpleTimerExample" */;
			compatibilityVersion = "Xcode 9.3";
			developmentRegion = en;
			hasScannedForEncodings = 0;
			knownRegions = (
				en,
				Base,
			);
			mainGroup = F110DEF221D40FAD00096BC0;
			productRefGroup = F110DEFC21D40FAD00096BC0 /* Products */;
			projectDirPath = "";
			projectRoot = "";
			targets = (
				F110DEFA21D40FAD00096BC0 /* SimpleTimerExample */,
				F1016F0122186C740062D42A /* SimpleTimerExampleMac */,
			);
		};
/* End PBXProject section */

/* Begin PBXResourcesBuildPhase section */
		F1016F0022186C740062D42A /* Resources */ = {
			isa = PBXResourcesBuildPhase;
			buildActionMask = 2147483647;
			files = (
				F1016F0722186C760062D42A /* Assets.xcassets in Resources */,
				F1016F0A22186C760062D42A /* MainMenu.xib in Resources */,
			);
			runOnlyForDeploymentPostprocessing = 0;
		};
		F110DEF921D40FAD00096BC0 /* Resources */ = {
			isa = PBXResourcesBuildPhase;
			buildActionMask = 2147483647;
			files = (
				F110DF0921D40FB000096BC0 /* LaunchScreen.storyboard in Resources */,
				F110DF0621D40FB000096BC0 /* Assets.xcassets in Resources */,
			);
			runOnlyForDeploymentPostprocessing = 0;
		};
/* End PBXResourcesBuildPhase section */

/* Begin PBXShellScriptBuildPhase section */
		F1CE266C2281E2F000441836 /* ShellScript */ = {
			isa = PBXShellScriptBuildPhase;
			buildActionMask = 2147483647;
			files = (
			);
			inputFileListPaths = (
			);
			inputPaths = (
			);
			outputFileListPaths = (
			);
			outputPaths = (
			);
			runOnlyForDeploymentPostprocessing = 0;
			shellPath = /bin/sh;
			shellScript = "if which swiftlint >/dev/null; then\nswiftlint\nelse\necho \"warning: SwiftLint not installed, download from https://github.com/realm/SwiftLint\"\nfi\n";
		};
		F1CE266E2281E30800441836 /* ShellScript */ = {
			isa = PBXShellScriptBuildPhase;
			buildActionMask = 2147483647;
			files = (
			);
			inputFileListPaths = (
			);
			inputPaths = (
			);
			outputFileListPaths = (
			);
			outputPaths = (
			);
			runOnlyForDeploymentPostprocessing = 0;
			shellPath = /bin/sh;
			shellScript = "if which swiftlint >/dev/null; then\nswiftlint\nelse\necho \"warning: SwiftLint not installed, download from https://github.com/realm/SwiftLint\"\nfi\n";
		};
/* End PBXShellScriptBuildPhase section */

/* Begin PBXSourcesBuildPhase section */
		F1016EFE22186C740062D42A /* Sources */ = {
			isa = PBXSourcesBuildPhase;
			buildActionMask = 2147483647;
			files = (
				F1903679239123910078B85D /* SimpleTimer.swift in Sources */,
				F1016F0522186C740062D42A /* AppDelegate.swift in Sources */,
				F190367D239123910078B85D /* CountDownTimer.swift in Sources */,
				F190367B239123910078B85D /* TimeAnimator.swift in Sources */,
			);
			runOnlyForDeploymentPostprocessing = 0;
		};
		F110DEF721D40FAD00096BC0 /* Sources */ = {
			isa = PBXSourcesBuildPhase;
			buildActionMask = 2147483647;
			files = (
				F110DF0121D40FAD00096BC0 /* ViewController.swift in Sources */,
				F110DEFF21D40FAD00096BC0 /* AppDelegate.swift in Sources */,
				F1903678239123910078B85D /* SimpleTimer.swift in Sources */,
				F190367A239123910078B85D /* TimeAnimator.swift in Sources */,
				F190367C239123910078B85D /* CountDownTimer.swift in Sources */,
			);
			runOnlyForDeploymentPostprocessing = 0;
		};
/* End PBXSourcesBuildPhase section */

/* Begin PBXVariantGroup section */
		F1016F0822186C760062D42A /* MainMenu.xib */ = {
			isa = PBXVariantGroup;
			children = (
				F1016F0922186C760062D42A /* Base */,
			);
			name = MainMenu.xib;
			sourceTree = "<group>";
		};
		F110DF0721D40FB000096BC0 /* LaunchScreen.storyboard */ = {
			isa = PBXVariantGroup;
			children = (
				F110DF0821D40FB000096BC0 /* Base */,
			);
			name = LaunchScreen.storyboard;
			sourceTree = "<group>";
		};
/* End PBXVariantGroup section */

/* Begin XCBuildConfiguration section */
		F1016F0D22186C760062D42A /* Debug */ = {
			isa = XCBuildConfiguration;
			buildSettings = {
				ALWAYS_EMBED_SWIFT_STANDARD_LIBRARIES = YES;
				ASSETCATALOG_COMPILER_APPICON_NAME = AppIcon;
				CODE_SIGN_ENTITLEMENTS = SimpleTimerExampleMac/SimpleTimerExampleMac.entitlements;
				CODE_SIGN_IDENTITY = "-";
				CODE_SIGN_STYLE = Automatic;
				COMBINE_HIDPI_IMAGES = YES;
				INFOPLIST_FILE = SimpleTimerExampleMac/Info.plist;
				LD_RUNPATH_SEARCH_PATHS = (
					"$(inherited)",
					"@executable_path/../Frameworks",
				);
				MACOSX_DEPLOYMENT_TARGET = 10.14;
				PRODUCT_BUNDLE_IDENTIFIER = io.github.futurelab.SimpleTimerExampleMac;
				PRODUCT_NAME = "$(TARGET_NAME)";
				SDKROOT = macosx;
				SWIFT_VERSION = 5.0;
			};
			name = Debug;
		};
		F1016F0E22186C760062D42A /* Release */ = {
			isa = XCBuildConfiguration;
			buildSettings = {
				ALWAYS_EMBED_SWIFT_STANDARD_LIBRARIES = YES;
				ASSETCATALOG_COMPILER_APPICON_NAME = AppIcon;
				CODE_SIGN_ENTITLEMENTS = SimpleTimerExampleMac/SimpleTimerExampleMac.entitlements;
				CODE_SIGN_IDENTITY = "-";
				CODE_SIGN_STYLE = Automatic;
				COMBINE_HIDPI_IMAGES = YES;
				INFOPLIST_FILE = SimpleTimerExampleMac/Info.plist;
				LD_RUNPATH_SEARCH_PATHS = (
					"$(inherited)",
					"@executable_path/../Frameworks",
				);
				MACOSX_DEPLOYMENT_TARGET = 10.14;
				PRODUCT_BUNDLE_IDENTIFIER = io.github.futurelab.SimpleTimerExampleMac;
				PRODUCT_NAME = "$(TARGET_NAME)";
				SDKROOT = macosx;
				SWIFT_VERSION = 5.0;
			};
			name = Release;
		};
		F110DF0B21D40FB000096BC0 /* Debug */ = {
			isa = XCBuildConfiguration;
			buildSettings = {
				ALWAYS_SEARCH_USER_PATHS = NO;
				CLANG_ANALYZER_NONNULL = YES;
				CLANG_ANALYZER_NUMBER_OBJECT_CONVERSION = YES_AGGRESSIVE;
				CLANG_CXX_LANGUAGE_STANDARD = "gnu++14";
				CLANG_CXX_LIBRARY = "libc++";
				CLANG_ENABLE_MODULES = YES;
				CLANG_ENABLE_OBJC_ARC = YES;
				CLANG_ENABLE_OBJC_WEAK = YES;
				CLANG_WARN_BLOCK_CAPTURE_AUTORELEASING = YES;
				CLANG_WARN_BOOL_CONVERSION = YES;
				CLANG_WARN_COMMA = YES;
				CLANG_WARN_CONSTANT_CONVERSION = YES;
				CLANG_WARN_DEPRECATED_OBJC_IMPLEMENTATIONS = YES;
				CLANG_WARN_DIRECT_OBJC_ISA_USAGE = YES_ERROR;
				CLANG_WARN_DOCUMENTATION_COMMENTS = YES;
				CLANG_WARN_EMPTY_BODY = YES;
				CLANG_WARN_ENUM_CONVERSION = YES;
				CLANG_WARN_INFINITE_RECURSION = YES;
				CLANG_WARN_INT_CONVERSION = YES;
				CLANG_WARN_NON_LITERAL_NULL_CONVERSION = YES;
				CLANG_WARN_OBJC_IMPLICIT_RETAIN_SELF = YES;
				CLANG_WARN_OBJC_LITERAL_CONVERSION = YES;
				CLANG_WARN_OBJC_ROOT_CLASS = YES_ERROR;
				CLANG_WARN_RANGE_LOOP_ANALYSIS = YES;
				CLANG_WARN_STRICT_PROTOTYPES = YES;
				CLANG_WARN_SUSPICIOUS_MOVE = YES;
				CLANG_WARN_UNGUARDED_AVAILABILITY = YES_AGGRESSIVE;
				CLANG_WARN_UNREACHABLE_CODE = YES;
				CLANG_WARN__DUPLICATE_METHOD_MATCH = YES;
				CODE_SIGN_IDENTITY = "iPhone Developer";
				COPY_PHASE_STRIP = NO;
				DEBUG_INFORMATION_FORMAT = dwarf;
				ENABLE_STRICT_OBJC_MSGSEND = YES;
				ENABLE_TESTABILITY = YES;
				GCC_C_LANGUAGE_STANDARD = gnu11;
				GCC_DYNAMIC_NO_PIC = NO;
				GCC_NO_COMMON_BLOCKS = YES;
				GCC_OPTIMIZATION_LEVEL = 0;
				GCC_PREPROCESSOR_DEFINITIONS = (
					"DEBUG=1",
					"$(inherited)",
				);
				GCC_WARN_64_TO_32_BIT_CONVERSION = YES;
				GCC_WARN_ABOUT_RETURN_TYPE = YES_ERROR;
				GCC_WARN_UNDECLARED_SELECTOR = YES;
				GCC_WARN_UNINITIALIZED_AUTOS = YES_AGGRESSIVE;
				GCC_WARN_UNUSED_FUNCTION = YES;
				GCC_WARN_UNUSED_VARIABLE = YES;
				IPHONEOS_DEPLOYMENT_TARGET = 12.2;
				MTL_ENABLE_DEBUG_INFO = INCLUDE_SOURCE;
				MTL_FAST_MATH = YES;
				ONLY_ACTIVE_ARCH = YES;
				SDKROOT = iphoneos;
				SWIFT_ACTIVE_COMPILATION_CONDITIONS = DEBUG;
				SWIFT_OPTIMIZATION_LEVEL = "-Onone";
			};
			name = Debug;
		};
		F110DF0C21D40FB000096BC0 /* Release */ = {
			isa = XCBuildConfiguration;
			buildSettings = {
				ALWAYS_SEARCH_USER_PATHS = NO;
				CLANG_ANALYZER_NONNULL = YES;
				CLANG_ANALYZER_NUMBER_OBJECT_CONVERSION = YES_AGGRESSIVE;
				CLANG_CXX_LANGUAGE_STANDARD = "gnu++14";
				CLANG_CXX_LIBRARY = "libc++";
				CLANG_ENABLE_MODULES = YES;
				CLANG_ENABLE_OBJC_ARC = YES;
				CLANG_ENABLE_OBJC_WEAK = YES;
				CLANG_WARN_BLOCK_CAPTURE_AUTORELEASING = YES;
				CLANG_WARN_BOOL_CONVERSION = YES;
				CLANG_WARN_COMMA = YES;
				CLANG_WARN_CONSTANT_CONVERSION = YES;
				CLANG_WARN_DEPRECATED_OBJC_IMPLEMENTATIONS = YES;
				CLANG_WARN_DIRECT_OBJC_ISA_USAGE = YES_ERROR;
				CLANG_WARN_DOCUMENTATION_COMMENTS = YES;
				CLANG_WARN_EMPTY_BODY = YES;
				CLANG_WARN_ENUM_CONVERSION = YES;
				CLANG_WARN_INFINITE_RECURSION = YES;
				CLANG_WARN_INT_CONVERSION = YES;
				CLANG_WARN_NON_LITERAL_NULL_CONVERSION = YES;
				CLANG_WARN_OBJC_IMPLICIT_RETAIN_SELF = YES;
				CLANG_WARN_OBJC_LITERAL_CONVERSION = YES;
				CLANG_WARN_OBJC_ROOT_CLASS = YES_ERROR;
				CLANG_WARN_RANGE_LOOP_ANALYSIS = YES;
				CLANG_WARN_STRICT_PROTOTYPES = YES;
				CLANG_WARN_SUSPICIOUS_MOVE = YES;
				CLANG_WARN_UNGUARDED_AVAILABILITY = YES_AGGRESSIVE;
				CLANG_WARN_UNREACHABLE_CODE = YES;
				CLANG_WARN__DUPLICATE_METHOD_MATCH = YES;
				CODE_SIGN_IDENTITY = "iPhone Developer";
				COPY_PHASE_STRIP = NO;
				DEBUG_INFORMATION_FORMAT = "dwarf-with-dsym";
				ENABLE_NS_ASSERTIONS = NO;
				ENABLE_STRICT_OBJC_MSGSEND = YES;
				GCC_C_LANGUAGE_STANDARD = gnu11;
				GCC_NO_COMMON_BLOCKS = YES;
				GCC_WARN_64_TO_32_BIT_CONVERSION = YES;
				GCC_WARN_ABOUT_RETURN_TYPE = YES_ERROR;
				GCC_WARN_UNDECLARED_SELECTOR = YES;
				GCC_WARN_UNINITIALIZED_AUTOS = YES_AGGRESSIVE;
				GCC_WARN_UNUSED_FUNCTION = YES;
				GCC_WARN_UNUSED_VARIABLE = YES;
				IPHONEOS_DEPLOYMENT_TARGET = 12.2;
				MTL_ENABLE_DEBUG_INFO = NO;
				MTL_FAST_MATH = YES;
				SDKROOT = iphoneos;
				SWIFT_COMPILATION_MODE = wholemodule;
				SWIFT_OPTIMIZATION_LEVEL = "-O";
				VALIDATE_PRODUCT = YES;
			};
			name = Release;
		};
		F110DF0E21D40FB000096BC0 /* Debug */ = {
			isa = XCBuildConfiguration;
			buildSettings = {
				ALWAYS_EMBED_SWIFT_STANDARD_LIBRARIES = YES;
				ASSETCATALOG_COMPILER_APPICON_NAME = AppIcon;
				CODE_SIGN_STYLE = Automatic;
				INFOPLIST_FILE = SimpleTimerExample/Info.plist;
				LD_RUNPATH_SEARCH_PATHS = (
					"$(inherited)",
					"@executable_path/Frameworks",
				);
				PRODUCT_BUNDLE_IDENTIFIER = io.github.futurelab.SimpleTimerExample;
				PRODUCT_NAME = "$(TARGET_NAME)";
				SWIFT_VERSION = 5.0;
				TARGETED_DEVICE_FAMILY = "1,2";
			};
			name = Debug;
		};
		F110DF0F21D40FB000096BC0 /* Release */ = {
			isa = XCBuildConfiguration;
			buildSettings = {
				ALWAYS_EMBED_SWIFT_STANDARD_LIBRARIES = YES;
				ASSETCATALOG_COMPILER_APPICON_NAME = AppIcon;
				CODE_SIGN_STYLE = Automatic;
				INFOPLIST_FILE = SimpleTimerExample/Info.plist;
				LD_RUNPATH_SEARCH_PATHS = (
					"$(inherited)",
					"@executable_path/Frameworks",
				);
				PRODUCT_BUNDLE_IDENTIFIER = io.github.futurelab.SimpleTimerExample;
				PRODUCT_NAME = "$(TARGET_NAME)";
				SWIFT_VERSION = 5.0;
				TARGETED_DEVICE_FAMILY = "1,2";
			};
			name = Release;
		};
/* End XCBuildConfiguration section */

/* Begin XCConfigurationList section */
		F1016F0F22186C760062D42A /* Build configuration list for PBXNativeTarget "SimpleTimerExampleMac" */ = {
			isa = XCConfigurationList;
			buildConfigurations = (
				F1016F0D22186C760062D42A /* Debug */,
				F1016F0E22186C760062D42A /* Release */,
			);
			defaultConfigurationIsVisible = 0;
			defaultConfigurationName = Release;
		};
		F110DEF621D40FAD00096BC0 /* Build configuration list for PBXProject "SimpleTimerExample" */ = {
			isa = XCConfigurationList;
			buildConfigurations = (
				F110DF0B21D40FB000096BC0 /* Debug */,
				F110DF0C21D40FB000096BC0 /* Release */,
			);
			defaultConfigurationIsVisible = 0;
			defaultConfigurationName = Release;
		};
		F110DF0D21D40FB000096BC0 /* Build configuration list for PBXNativeTarget "SimpleTimerExample" */ = {
			isa = XCConfigurationList;
			buildConfigurations = (
				F110DF0E21D40FB000096BC0 /* Debug */,
				F110DF0F21D40FB000096BC0 /* Release */,
			);
			defaultConfigurationIsVisible = 0;
			defaultConfigurationName = Release;
		};
/* End XCConfigurationList section */
	};
	rootObject = F110DEF321D40FAD00096BC0 /* Project object */;
}
